
Microsoft Visual Studio Solution File, Format Version 12.00
# Visual Studio Version 17
VisualStudioVersion = 17.0.31903.59
MinimumVisualStudioVersion = 10.0.40219.1
Project("{2150E333-8FDC-42A3-9474-1A3956D46DE8}") = "src", "src", "{827E0CD3-B72D-47B6-A68D-7590B98EB39B}"
EndProject
Project("{FAE04EC0-301F-11D3-BF4B-00C04F79EFBC}") = "IdentityService", "src\IdentityService\IdentityService.csproj", "{2EBA741B-A2BC-4484-99AE-846BBC063231}"
EndProject
Project("{FAE04EC0-301F-11D3-BF4B-00C04F79EFBC}") = "ProductService", "src\ProductService\ProductService.csproj", "{2AA0FE58-9BEB-42D4-B45E-03ACEE64E5DF}"
EndProject
Project("{FAE04EC0-301F-11D3-BF4B-00C04F79EFBC}") = "ApiGateway", "src\ApiGateway\ApiGateway.csproj", "{7381CA44-7B11-43BC-8AF4-CB76556B6D88}"
EndProject
Project("{FAE04EC0-301F-11D3-BF4B-00C04F79EFBC}") = "OrderService", "src\OrderService\OrderService.csproj", "{BD33B6E7-D78E-42E4-97A9-4B111C244463}"
EndProject
Project("{2150E333-8FDC-42A3-9474-1A3956D46DE8}") = "tests", "tests", "{0AB3BF05-4346-4AA6-1389-037BE0695223}"
EndProject
Project("{FAE04EC0-301F-11D3-BF4B-00C04F79EFBC}") = "IdentityService.Tests", "tests\IdentityService.Tests\IdentityService.Tests.csproj", "{C5DA3747-9C79-45F3-B836-D80BB58E3B52}"
EndProject
Global
	GlobalSection(SolutionConfigurationPlatforms) = preSolution
		Debug|Any CPU = Debug|Any CPU
		Debug|x64 = Debug|x64
		Debug|x86 = Debug|x86
		Release|Any CPU = Release|Any CPU
		Release|x64 = Release|x64
		Release|x86 = Release|x86
	EndGlobalSection
	GlobalSection(ProjectConfigurationPlatforms) = postSolution
		{2EBA741B-A2BC-4484-99AE-846BBC063231}.Debug|Any CPU.ActiveCfg = Debug|Any CPU
		{2EBA741B-A2BC-4484-99AE-846BBC063231}.Debug|Any CPU.Build.0 = Debug|Any CPU
		{2EBA741B-A2BC-4484-99AE-846BBC063231}.Debug|x64.ActiveCfg = Debug|Any CPU
		{2EBA741B-A2BC-4484-99AE-846BBC063231}.Debug|x64.Build.0 = Debug|Any CPU
		{2EBA741B-A2BC-4484-99AE-846BBC063231}.Debug|x86.ActiveCfg = Debug|Any CPU
		{2EBA741B-A2BC-4484-99AE-846BBC063231}.Debug|x86.Build.0 = Debug|Any CPU
		{2EBA741B-A2BC-4484-99AE-846BBC063231}.Release|Any CPU.ActiveCfg = Release|Any CPU
		{2EBA741B-A2BC-4484-99AE-846BBC063231}.Release|Any CPU.Build.0 = Release|Any CPU
		{2EBA741B-A2BC-4484-99AE-846BBC063231}.Release|x64.ActiveCfg = Release|Any CPU
		{2EBA741B-A2BC-4484-99AE-846BBC063231}.Release|x64.Build.0 = Release|Any CPU
		{2EBA741B-A2BC-4484-99AE-846BBC063231}.Release|x86.ActiveCfg = Release|Any CPU
		{2EBA741B-A2BC-4484-99AE-846BBC063231}.Release|x86.Build.0 = Release|Any CPU
		{2AA0FE58-9BEB-42D4-B45E-03ACEE64E5DF}.Debug|Any CPU.ActiveCfg = Debug|Any CPU
		{2AA0FE58-9BEB-42D4-B45E-03ACEE64E5DF}.Debug|Any CPU.Build.0 = Debug|Any CPU
		{2AA0FE58-9BEB-42D4-B45E-03ACEE64E5DF}.Debug|x64.ActiveCfg = Debug|Any CPU
		{2AA0FE58-9BEB-42D4-B45E-03ACEE64E5DF}.Debug|x64.Build.0 = Debug|Any CPU
		{2AA0FE58-9BEB-42D4-B45E-03ACEE64E5DF}.Debug|x86.ActiveCfg = Debug|Any CPU
		{2AA0FE58-9BEB-42D4-B45E-03ACEE64E5DF}.Debug|x86.Build.0 = Debug|Any CPU
		{2AA0FE58-9BEB-42D4-B45E-03ACEE64E5DF}.Release|Any CPU.ActiveCfg = Release|Any CPU
		{2AA0FE58-9BEB-42D4-B45E-03ACEE64E5DF}.Release|Any CPU.Build.0 = Release|Any CPU
		{2AA0FE58-9BEB-42D4-B45E-03ACEE64E5DF}.Release|x64.ActiveCfg = Release|Any CPU
		{2AA0FE58-9BEB-42D4-B45E-03ACEE64E5DF}.Release|x64.Build.0 = Release|Any CPU
		{2AA0FE58-9BEB-42D4-B45E-03ACEE64E5DF}.Release|x86.ActiveCfg = Release|Any CPU
		{2AA0FE58-9BEB-42D4-B45E-03ACEE64E5DF}.Release|x86.Build.0 = Release|Any CPU
		{7381CA44-7B11-43BC-8AF4-CB76556B6D88}.Debug|Any CPU.ActiveCfg = Debug|Any CPU
		{7381CA44-7B11-43BC-8AF4-CB76556B6D88}.Debug|Any CPU.Build.0 = Debug|Any CPU
		{7381CA44-7B11-43BC-8AF4-CB76556B6D88}.Debug|x64.ActiveCfg = Debug|Any CPU
		{7381CA44-7B11-43BC-8AF4-CB76556B6D88}.Debug|x64.Build.0 = Debug|Any CPU
		{7381CA44-7B11-43BC-8AF4-CB76556B6D88}.Debug|x86.ActiveCfg = Debug|Any CPU
		{7381CA44-7B11-43BC-8AF4-CB76556B6D88}.Debug|x86.Build.0 = Debug|Any CPU
		{7381CA44-7B11-43BC-8AF4-CB76556B6D88}.Release|Any CPU.ActiveCfg = Release|Any CPU
		{7381CA44-7B11-43BC-8AF4-CB76556B6D88}.Release|Any CPU.Build.0 = Release|Any CPU
		{7381CA44-7B11-43BC-8AF4-CB76556B6D88}.Release|x64.ActiveCfg = Release|Any CPU
		{7381CA44-7B11-43BC-8AF4-CB76556B6D88}.Release|x64.Build.0 = Release|Any CPU
		{7381CA44-7B11-43BC-8AF4-CB76556B6D88}.Release|x86.ActiveCfg = Release|Any CPU
		{7381CA44-7B11-43BC-8AF4-CB76556B6D88}.Release|x86.Build.0 = Release|Any CPU
		{BD33B6E7-D78E-42E4-97A9-4B111C244463}.Debug|Any CPU.ActiveCfg = Debug|Any CPU
		{BD33B6E7-D78E-42E4-97A9-4B111C244463}.Debug|Any CPU.Build.0 = Debug|Any CPU
		{BD33B6E7-D78E-42E4-97A9-4B111C244463}.Debug|x64.ActiveCfg = Debug|Any CPU
		{BD33B6E7-D78E-42E4-97A9-4B111C244463}.Debug|x64.Build.0 = Debug|Any CPU
		{BD33B6E7-D78E-42E4-97A9-4B111C244463}.Debug|x86.ActiveCfg = Debug|Any CPU
		{BD33B6E7-D78E-42E4-97A9-4B111C244463}.Debug|x86.Build.0 = Debug|Any CPU
		{BD33B6E7-D78E-42E4-97A9-4B111C244463}.Release|Any CPU.ActiveCfg = Release|Any CPU
		{BD33B6E7-D78E-42E4-97A9-4B111C244463}.Release|Any CPU.Build.0 = Release|Any CPU
		{BD33B6E7-D78E-42E4-97A9-4B111C244463}.Release|x64.ActiveCfg = Release|Any CPU
		{BD33B6E7-D78E-42E4-97A9-4B111C244463}.Release|x64.Build.0 = Release|Any CPU
		{BD33B6E7-D78E-42E4-97A9-4B111C244463}.Release|x86.ActiveCfg = Release|Any CPU
		{BD33B6E7-D78E-42E4-97A9-4B111C244463}.Release|x86.Build.0 = Release|Any CPU
		{C5DA3747-9C79-45F3-B836-D80BB58E3B52}.Debug|Any CPU.ActiveCfg = Debug|Any CPU
		{C5DA3747-9C79-45F3-B836-D80BB58E3B52}.Debug|Any CPU.Build.0 = Debug|Any CPU
		{C5DA3747-9C79-45F3-B836-D80BB58E3B52}.Debug|x64.ActiveCfg = Debug|Any CPU
		{C5DA3747-9C79-45F3-B836-D80BB58E3B52}.Debug|x64.Build.0 = Debug|Any CPU
		{C5DA3747-9C79-45F3-B836-D80BB58E3B52}.Debug|x86.ActiveCfg = Debug|Any CPU
		{C5DA3747-9C79-45F3-B836-D80BB58E3B52}.Debug|x86.Build.0 = Debug|Any CPU
		{C5DA3747-9C79-45F3-B836-D80BB58E3B52}.Release|Any CPU.ActiveCfg = Release|Any CPU
		{C5DA3747-9C79-45F3-B836-D80BB58E3B52}.Release|Any CPU.Build.0 = Release|Any CPU
		{C5DA3747-9C79-45F3-B836-D80BB58E3B52}.Release|x64.ActiveCfg = Release|Any CPU
		{C5DA3747-9C79-45F3-B836-D80BB58E3B52}.Release|x64.Build.0 = Release|Any CPU
		{C5DA3747-9C79-45F3-B836-D80BB58E3B52}.Release|x86.ActiveCfg = Release|Any CPU
		{C5DA3747-9C79-45F3-B836-D80BB58E3B52}.Release|x86.Build.0 = Release|Any CPU
	EndGlobalSection
	GlobalSection(SolutionProperties) = preSolution
		HideSolutionNode = FALSE
	EndGlobalSection
	GlobalSection(NestedProjects) = preSolution
		{C5DA3747-9C79-45F3-B836-D80BB58E3B52} = {0AB3BF05-4346-4AA6-1389-037BE0695223}
	EndGlobalSection
	GlobalSection(ExtensibilityGlobals) = postSolution
		SolutionGuid = {9AD31F8C-0D5D-4AA1-8CDE-AF9219DD08A8}
	EndGlobalSection
EndGlobal
